
Microsoft Visual Studio Solution File, Format Version 12.00
# Visual Studio Version 17
VisualStudioVersion = 17.0.31903.59
MinimumVisualStudioVersion = 10.0.40219.1
Project("{9A19103F-16F7-4668-BE54-9A1E7A4F7556}") = "TypeContractor", "TypeContractor\TypeContractor.csproj", "{4BE2CCA2-1FC6-483E-9D29-7BFEADA192FC}"
EndProject
Project("{FAE04EC0-301F-11D3-BF4B-00C04F79EFBC}") = "TypeContractor.Tests", "TypeContractor.Tests\TypeContractor.Tests.csproj", "{2A14F69D-585D-4778-BA4E-A50E8605AA14}"
EndProject
Project("{2150E333-8FDC-42A3-9474-1A3956D46DE8}") = "Solution Items", "Solution Items", "{70D3E515-AB31-4EDB-886A-23ECD377E3AE}"
	ProjectSection(SolutionItems) = preProject
		.gitignore = .gitignore
		README.md = README.md
	EndProjectSection
EndProject
Global
	GlobalSection(SolutionConfigurationPlatforms) = preSolution
		Debug|Any CPU = Debug|Any CPU
		Release|Any CPU = Release|Any CPU
	EndGlobalSection
	GlobalSection(ProjectConfigurationPlatforms) = postSolution
		{4BE2CCA2-1FC6-483E-9D29-7BFEADA192FC}.Debug|Any CPU.ActiveCfg = Debug|Any CPU
		{4BE2CCA2-1FC6-483E-9D29-7BFEADA192FC}.Debug|Any CPU.Build.0 = Debug|Any CPU
		{4BE2CCA2-1FC6-483E-9D29-7BFEADA192FC}.Release|Any CPU.ActiveCfg = Release|Any CPU
		{4BE2CCA2-1FC6-483E-9D29-7BFEADA192FC}.Release|Any CPU.Build.0 = Release|Any CPU
		{2A14F69D-585D-4778-BA4E-A50E8605AA14}.Debug|Any CPU.ActiveCfg = Debug|Any CPU
		{2A14F69D-585D-4778-BA4E-A50E8605AA14}.Debug|Any CPU.Build.0 = Debug|Any CPU
		{2A14F69D-585D-4778-BA4E-A50E8605AA14}.Release|Any CPU.ActiveCfg = Release|Any CPU
		{2A14F69D-585D-4778-BA4E-A50E8605AA14}.Release|Any CPU.Build.0 = Release|Any CPU
	EndGlobalSection
	GlobalSection(SolutionProperties) = preSolution
		HideSolutionNode = FALSE
	EndGlobalSection
	GlobalSection(ExtensibilityGlobals) = postSolution
		SolutionGuid = {BE873438-37D1-44EF-98BD-2A263351F7F2}
	EndGlobalSection
EndGlobal
